// !$*UTF8*$!
{
	archiveVersion = 1;
	classes = {
	};
	objectVersion = 50;
	objects = {

/* Begin PBXBuildFile section */
		AF4266BA26402B7D0040A502 /* UIImageView+Extension.swift in Sources */ = {isa = PBXBuildFile; fileRef = AF4266B926402B7D0040A502 /* UIImageView+Extension.swift */; };
		AF4266BC264099D60040A502 /* Category.swift in Sources */ = {isa = PBXBuildFile; fileRef = AF4266BB264099D60040A502 /* Category.swift */; };
		AF4266C02641824E0040A502 /* DetailViewController.swift in Sources */ = {isa = PBXBuildFile; fileRef = AF4266BF2641824E0040A502 /* DetailViewController.swift */; };
		AF4266C22641DC7E0040A502 /* UIColor+Extension.swift in Sources */ = {isa = PBXBuildFile; fileRef = AF4266C12641DC7E0040A502 /* UIColor+Extension.swift */; };
		AF4266CB2642086B0040A502 /* TestLBCTests.swift in Sources */ = {isa = PBXBuildFile; fileRef = AF4266CA2642086B0040A502 /* TestLBCTests.swift */; };
		AF4266D9264208840040A502 /* TestLBCUITests.swift in Sources */ = {isa = PBXBuildFile; fileRef = AF4266D8264208840040A502 /* TestLBCUITests.swift */; };
		AF4266E426420FA30040A502 /* AdsViewModelTest.swift in Sources */ = {isa = PBXBuildFile; fileRef = AF4266E326420FA30040A502 /* AdsViewModelTest.swift */; };
		AFDA39D1263F13BF0024BF09 /* AdsCollectionViewCell.swift in Sources */ = {isa = PBXBuildFile; fileRef = AFDA39D0263F13BF0024BF09 /* AdsCollectionViewCell.swift */; };
		AFDE0CC5263EAE2A0090221A /* AppDelegate.swift in Sources */ = {isa = PBXBuildFile; fileRef = AFDE0CC4263EAE2A0090221A /* AppDelegate.swift */; };
		AFDE0CC9263EAE2A0090221A /* AdsViewController.swift in Sources */ = {isa = PBXBuildFile; fileRef = AFDE0CC8263EAE2A0090221A /* AdsViewController.swift */; };
		AFDE0CCE263EAE2C0090221A /* Assets.xcassets in Resources */ = {isa = PBXBuildFile; fileRef = AFDE0CCD263EAE2C0090221A /* Assets.xcassets */; };
		AFDE0CD1263EAE2C0090221A /* LaunchScreen.storyboard in Resources */ = {isa = PBXBuildFile; fileRef = AFDE0CCF263EAE2C0090221A /* LaunchScreen.storyboard */; };
		AFDE0CE0263EB8D70090221A /* Advertisement.swift in Sources */ = {isa = PBXBuildFile; fileRef = AFDE0CDF263EB8D70090221A /* Advertisement.swift */; };
		AFDE0CE2263EB8E60090221A /* AdvertisementViewModel.swift in Sources */ = {isa = PBXBuildFile; fileRef = AFDE0CE1263EB8E60090221A /* AdvertisementViewModel.swift */; };
		AFDE0CE4263EE7830090221A /* APIService.swift in Sources */ = {isa = PBXBuildFile; fileRef = AFDE0CE3263EE7830090221A /* APIService.swift */; };
/* End PBXBuildFile section */

/* Begin PBXContainerItemProxy section */
		AF4266CD2642086B0040A502 /* PBXContainerItemProxy */ = {
			isa = PBXContainerItemProxy;
			containerPortal = AFDE0CB9263EAE2A0090221A /* Project object */;
			proxyType = 1;
			remoteGlobalIDString = AFDE0CC0263EAE2A0090221A;
			remoteInfo = TestLBC;
		};
		AF4266DB264208840040A502 /* PBXContainerItemProxy */ = {
			isa = PBXContainerItemProxy;
			containerPortal = AFDE0CB9263EAE2A0090221A /* Project object */;
			proxyType = 1;
			remoteGlobalIDString = AFDE0CC0263EAE2A0090221A;
			remoteInfo = TestLBC;
		};
/* End PBXContainerItemProxy section */

/* Begin PBXFileReference section */
		AF4266B926402B7D0040A502 /* UIImageView+Extension.swift */ = {isa = PBXFileReference; lastKnownFileType = sourcecode.swift; path = "UIImageView+Extension.swift"; sourceTree = "<group>"; };
		AF4266BB264099D60040A502 /* Category.swift */ = {isa = PBXFileReference; lastKnownFileType = sourcecode.swift; path = Category.swift; sourceTree = "<group>"; };
		AF4266BF2641824E0040A502 /* DetailViewController.swift */ = {isa = PBXFileReference; lastKnownFileType = sourcecode.swift; path = DetailViewController.swift; sourceTree = "<group>"; };
		AF4266C12641DC7E0040A502 /* UIColor+Extension.swift */ = {isa = PBXFileReference; lastKnownFileType = sourcecode.swift; path = "UIColor+Extension.swift"; sourceTree = "<group>"; };
		AF4266C82642086B0040A502 /* TestLBCTests.xctest */ = {isa = PBXFileReference; explicitFileType = wrapper.cfbundle; includeInIndex = 0; path = TestLBCTests.xctest; sourceTree = BUILT_PRODUCTS_DIR; };
		AF4266CA2642086B0040A502 /* TestLBCTests.swift */ = {isa = PBXFileReference; lastKnownFileType = sourcecode.swift; path = TestLBCTests.swift; sourceTree = "<group>"; };
		AF4266CC2642086B0040A502 /* Info.plist */ = {isa = PBXFileReference; lastKnownFileType = text.plist.xml; path = Info.plist; sourceTree = "<group>"; };
		AF4266D6264208840040A502 /* TestLBCUITests.xctest */ = {isa = PBXFileReference; explicitFileType = wrapper.cfbundle; includeInIndex = 0; path = TestLBCUITests.xctest; sourceTree = BUILT_PRODUCTS_DIR; };
		AF4266D8264208840040A502 /* TestLBCUITests.swift */ = {isa = PBXFileReference; lastKnownFileType = sourcecode.swift; path = TestLBCUITests.swift; sourceTree = "<group>"; };
		AF4266DA264208840040A502 /* Info.plist */ = {isa = PBXFileReference; lastKnownFileType = text.plist.xml; path = Info.plist; sourceTree = "<group>"; };
		AF4266E326420FA30040A502 /* AdsViewModelTest.swift */ = {isa = PBXFileReference; lastKnownFileType = sourcecode.swift; path = AdsViewModelTest.swift; sourceTree = "<group>"; };
		AFDA39D0263F13BF0024BF09 /* AdsCollectionViewCell.swift */ = {isa = PBXFileReference; lastKnownFileType = sourcecode.swift; path = AdsCollectionViewCell.swift; sourceTree = "<group>"; };
		AFDE0CC1263EAE2A0090221A /* TestLBC.app */ = {isa = PBXFileReference; explicitFileType = wrapper.application; includeInIndex = 0; path = TestLBC.app; sourceTree = BUILT_PRODUCTS_DIR; };
		AFDE0CC4263EAE2A0090221A /* AppDelegate.swift */ = {isa = PBXFileReference; lastKnownFileType = sourcecode.swift; path = AppDelegate.swift; sourceTree = "<group>"; };
		AFDE0CC8263EAE2A0090221A /* AdsViewController.swift */ = {isa = PBXFileReference; lastKnownFileType = sourcecode.swift; path = AdsViewController.swift; sourceTree = "<group>"; };
		AFDE0CCD263EAE2C0090221A /* Assets.xcassets */ = {isa = PBXFileReference; lastKnownFileType = folder.assetcatalog; path = Assets.xcassets; sourceTree = "<group>"; };
		AFDE0CD0263EAE2C0090221A /* Base */ = {isa = PBXFileReference; lastKnownFileType = file.storyboard; name = Base; path = Base.lproj/LaunchScreen.storyboard; sourceTree = "<group>"; };
		AFDE0CD2263EAE2C0090221A /* Info.plist */ = {isa = PBXFileReference; lastKnownFileType = text.plist.xml; path = Info.plist; sourceTree = "<group>"; };
		AFDE0CDF263EB8D70090221A /* Advertisement.swift */ = {isa = PBXFileReference; lastKnownFileType = sourcecode.swift; path = Advertisement.swift; sourceTree = "<group>"; };
		AFDE0CE1263EB8E60090221A /* AdvertisementViewModel.swift */ = {isa = PBXFileReference; lastKnownFileType = sourcecode.swift; path = AdvertisementViewModel.swift; sourceTree = "<group>"; };
		AFDE0CE3263EE7830090221A /* APIService.swift */ = {isa = PBXFileReference; lastKnownFileType = sourcecode.swift; path = APIService.swift; sourceTree = "<group>"; };
/* End PBXFileReference section */

/* Begin PBXFrameworksBuildPhase section */
		AF4266C52642086B0040A502 /* Frameworks */ = {
			isa = PBXFrameworksBuildPhase;
			buildActionMask = 2147483647;
			files = (
			);
			runOnlyForDeploymentPostprocessing = 0;
		};
		AF4266D3264208840040A502 /* Frameworks */ = {
			isa = PBXFrameworksBuildPhase;
			buildActionMask = 2147483647;
			files = (
			);
			runOnlyForDeploymentPostprocessing = 0;
		};
		AFDE0CBE263EAE2A0090221A /* Frameworks */ = {
			isa = PBXFrameworksBuildPhase;
			buildActionMask = 2147483647;
			files = (
			);
			runOnlyForDeploymentPostprocessing = 0;
		};
/* End PBXFrameworksBuildPhase section */

/* Begin PBXGroup section */
		AF4266B626400F870040A502 /* Extensions */ = {
			isa = PBXGroup;
			children = (
				AF4266B926402B7D0040A502 /* UIImageView+Extension.swift */,
				AF4266C12641DC7E0040A502 /* UIColor+Extension.swift */,
			);
			path = Extensions;
			sourceTree = "<group>";
		};
		AF4266C32641FDB20040A502 /* Ads */ = {
			isa = PBXGroup;
			children = (
				AFDE0CC8263EAE2A0090221A /* AdsViewController.swift */,
				AF4266BF2641824E0040A502 /* DetailViewController.swift */,
			);
			path = Ads;
			sourceTree = "<group>";
		};
		AF4266C92642086B0040A502 /* TestLBCTests */ = {
			isa = PBXGroup;
			children = (
				AF4266CA2642086B0040A502 /* TestLBCTests.swift */,
				AF4266CC2642086B0040A502 /* Info.plist */,
				AF4266E326420FA30040A502 /* AdsViewModelTest.swift */,
			);
			path = TestLBCTests;
			sourceTree = "<group>";
		};
		AF4266D7264208840040A502 /* TestLBCUITests */ = {
			isa = PBXGroup;
			children = (
				AF4266D8264208840040A502 /* TestLBCUITests.swift */,
				AF4266DA264208840040A502 /* Info.plist */,
			);
			path = TestLBCUITests;
			sourceTree = "<group>";
		};
		AFDE0CB8263EAE2A0090221A = {
			isa = PBXGroup;
			children = (
				AFDE0CC3263EAE2A0090221A /* TestLBC */,
				AF4266C92642086B0040A502 /* TestLBCTests */,
				AF4266D7264208840040A502 /* TestLBCUITests */,
				AFDE0CC2263EAE2A0090221A /* Products */,
			);
			sourceTree = "<group>";
		};
		AFDE0CC2263EAE2A0090221A /* Products */ = {
			isa = PBXGroup;
			children = (
				AFDE0CC1263EAE2A0090221A /* TestLBC.app */,
				AF4266C82642086B0040A502 /* TestLBCTests.xctest */,
				AF4266D6264208840040A502 /* TestLBCUITests.xctest */,
			);
			name = Products;
			sourceTree = "<group>";
		};
		AFDE0CC3263EAE2A0090221A /* TestLBC */ = {
			isa = PBXGroup;
			children = (
				AFDE0CDC263EAEE40090221A /* Common */,
				AFDE0CDA263EAECE0090221A /* Models */,
				AFDE0CD9263EAEBB0090221A /* ViewModels */,
				AFDE0CDB263EAED80090221A /* Controllers */,
				AFDE0CE5263EEE9F0090221A /* UI */,
				AFDE0CD8263EAEB20090221A /* Services */,
				AF4266B626400F870040A502 /* Extensions */,
				AFDE0CCD263EAE2C0090221A /* Assets.xcassets */,
				AFDE0CCF263EAE2C0090221A /* LaunchScreen.storyboard */,
				AFDE0CD2263EAE2C0090221A /* Info.plist */,
			);
			path = TestLBC;
			sourceTree = "<group>";
		};
		AFDE0CD8263EAEB20090221A /* Services */ = {
			isa = PBXGroup;
			children = (
				AFDE0CE3263EE7830090221A /* APIService.swift */,
			);
			path = Services;
			sourceTree = "<group>";
		};
		AFDE0CD9263EAEBB0090221A /* ViewModels */ = {
			isa = PBXGroup;
			children = (
				AFDE0CE1263EB8E60090221A /* AdvertisementViewModel.swift */,
			);
			path = ViewModels;
			sourceTree = "<group>";
		};
		AFDE0CDA263EAECE0090221A /* Models */ = {
			isa = PBXGroup;
			children = (
				AFDE0CDF263EB8D70090221A /* Advertisement.swift */,
				AF4266BB264099D60040A502 /* Category.swift */,
			);
			path = Models;
			sourceTree = "<group>";
		};
		AFDE0CDB263EAED80090221A /* Controllers */ = {
			isa = PBXGroup;
			children = (
				AF4266C32641FDB20040A502 /* Ads */,
			);
			path = Controllers;
			sourceTree = "<group>";
		};
		AFDE0CDC263EAEE40090221A /* Common */ = {
			isa = PBXGroup;
			children = (
				AFDE0CC4263EAE2A0090221A /* AppDelegate.swift */,
			);
			path = Common;
			sourceTree = "<group>";
		};
		AFDE0CE5263EEE9F0090221A /* UI */ = {
			isa = PBXGroup;
			children = (
				AFDE0CE6263EEEA90090221A /* AdsCollectionViewCell */,
			);
			path = UI;
			sourceTree = "<group>";
		};
		AFDE0CE6263EEEA90090221A /* AdsCollectionViewCell */ = {
			isa = PBXGroup;
			children = (
				AFDA39D0263F13BF0024BF09 /* AdsCollectionViewCell.swift */,
			);
			path = AdsCollectionViewCell;
			sourceTree = "<group>";
		};
/* End PBXGroup section */

/* Begin PBXNativeTarget section */
		AF4266C72642086B0040A502 /* TestLBCTests */ = {
			isa = PBXNativeTarget;
			buildConfigurationList = AF4266CF2642086B0040A502 /* Build configuration list for PBXNativeTarget "TestLBCTests" */;
			buildPhases = (
				AF4266C42642086B0040A502 /* Sources */,
				AF4266C52642086B0040A502 /* Frameworks */,
				AF4266C62642086B0040A502 /* Resources */,
			);
			buildRules = (
			);
			dependencies = (
				AF4266CE2642086B0040A502 /* PBXTargetDependency */,
			);
			name = TestLBCTests;
			productName = TestLBCTests;
			productReference = AF4266C82642086B0040A502 /* TestLBCTests.xctest */;
			productType = "com.apple.product-type.bundle.unit-test";
		};
		AF4266D5264208840040A502 /* TestLBCUITests */ = {
			isa = PBXNativeTarget;
			buildConfigurationList = AF4266DD264208840040A502 /* Build configuration list for PBXNativeTarget "TestLBCUITests" */;
			buildPhases = (
				AF4266D2264208840040A502 /* Sources */,
				AF4266D3264208840040A502 /* Frameworks */,
				AF4266D4264208840040A502 /* Resources */,
			);
			buildRules = (
			);
			dependencies = (
				AF4266DC264208840040A502 /* PBXTargetDependency */,
			);
			name = TestLBCUITests;
			productName = TestLBCUITests;
			productReference = AF4266D6264208840040A502 /* TestLBCUITests.xctest */;
			productType = "com.apple.product-type.bundle.ui-testing";
		};
		AFDE0CC0263EAE2A0090221A /* TestLBC */ = {
			isa = PBXNativeTarget;
			buildConfigurationList = AFDE0CD5263EAE2C0090221A /* Build configuration list for PBXNativeTarget "TestLBC" */;
			buildPhases = (
				AFDE0CBD263EAE2A0090221A /* Sources */,
				AFDE0CBE263EAE2A0090221A /* Frameworks */,
				AFDE0CBF263EAE2A0090221A /* Resources */,
			);
			buildRules = (
			);
			dependencies = (
			);
			name = TestLBC;
			productName = TestLBC;
			productReference = AFDE0CC1263EAE2A0090221A /* TestLBC.app */;
			productType = "com.apple.product-type.application";
		};
/* End PBXNativeTarget section */

/* Begin PBXProject section */
		AFDE0CB9263EAE2A0090221A /* Project object */ = {
			isa = PBXProject;
			attributes = {
				LastSwiftUpdateCheck = 1250;
				LastUpgradeCheck = 1250;
				TargetAttributes = {
					AF4266C72642086B0040A502 = {
						CreatedOnToolsVersion = 12.5;
						TestTargetID = AFDE0CC0263EAE2A0090221A;
					};
					AF4266D5264208840040A502 = {
						CreatedOnToolsVersion = 12.5;
						TestTargetID = AFDE0CC0263EAE2A0090221A;
					};
					AFDE0CC0263EAE2A0090221A = {
						CreatedOnToolsVersion = 12.5;
					};
				};
			};
			buildConfigurationList = AFDE0CBC263EAE2A0090221A /* Build configuration list for PBXProject "TestLBC" */;
			compatibilityVersion = "Xcode 9.3";
			developmentRegion = en;
			hasScannedForEncodings = 0;
			knownRegions = (
				en,
				Base,
			);
			mainGroup = AFDE0CB8263EAE2A0090221A;
			productRefGroup = AFDE0CC2263EAE2A0090221A /* Products */;
			projectDirPath = "";
			projectRoot = "";
			targets = (
				AFDE0CC0263EAE2A0090221A /* TestLBC */,
				AF4266C72642086B0040A502 /* TestLBCTests */,
				AF4266D5264208840040A502 /* TestLBCUITests */,
			);
		};
/* End PBXProject section */

/* Begin PBXResourcesBuildPhase section */
		AF4266C62642086B0040A502 /* Resources */ = {
			isa = PBXResourcesBuildPhase;
			buildActionMask = 2147483647;
			files = (
			);
			runOnlyForDeploymentPostprocessing = 0;
		};
		AF4266D4264208840040A502 /* Resources */ = {
			isa = PBXResourcesBuildPhase;
			buildActionMask = 2147483647;
			files = (
			);
			runOnlyForDeploymentPostprocessing = 0;
		};
		AFDE0CBF263EAE2A0090221A /* Resources */ = {
			isa = PBXResourcesBuildPhase;
			buildActionMask = 2147483647;
			files = (
				AFDE0CD1263EAE2C0090221A /* LaunchScreen.storyboard in Resources */,
				AFDE0CCE263EAE2C0090221A /* Assets.xcassets in Resources */,
			);
			runOnlyForDeploymentPostprocessing = 0;
		};
/* End PBXResourcesBuildPhase section */

/* Begin PBXSourcesBuildPhase section */
		AF4266C42642086B0040A502 /* Sources */ = {
			isa = PBXSourcesBuildPhase;
			buildActionMask = 2147483647;
			files = (
				AF4266CB2642086B0040A502 /* TestLBCTests.swift in Sources */,
				AF4266E426420FA30040A502 /* AdsViewModelTest.swift in Sources */,
			);
			runOnlyForDeploymentPostprocessing = 0;
		};
		AF4266D2264208840040A502 /* Sources */ = {
			isa = PBXSourcesBuildPhase;
			buildActionMask = 2147483647;
			files = (
				AF4266D9264208840040A502 /* TestLBCUITests.swift in Sources */,
			);
			runOnlyForDeploymentPostprocessing = 0;
		};
		AFDE0CBD263EAE2A0090221A /* Sources */ = {
			isa = PBXSourcesBuildPhase;
			buildActionMask = 2147483647;
			files = (
				AF4266BA26402B7D0040A502 /* UIImageView+Extension.swift in Sources */,
				AF4266C02641824E0040A502 /* DetailViewController.swift in Sources */,
				AFDE0CC9263EAE2A0090221A /* AdsViewController.swift in Sources */,
				AFDE0CE0263EB8D70090221A /* Advertisement.swift in Sources */,
				AFDE0CC5263EAE2A0090221A /* AppDelegate.swift in Sources */,
				AFDA39D1263F13BF0024BF09 /* AdsCollectionViewCell.swift in Sources */,
				AFDE0CE2263EB8E60090221A /* AdvertisementViewModel.swift in Sources */,
				AFDE0CE4263EE7830090221A /* APIService.swift in Sources */,
				AF4266BC264099D60040A502 /* Category.swift in Sources */,
				AF4266C22641DC7E0040A502 /* UIColor+Extension.swift in Sources */,
			);
			runOnlyForDeploymentPostprocessing = 0;
		};
/* End PBXSourcesBuildPhase section */

/* Begin PBXTargetDependency section */
		AF4266CE2642086B0040A502 /* PBXTargetDependency */ = {
			isa = PBXTargetDependency;
			target = AFDE0CC0263EAE2A0090221A /* TestLBC */;
			targetProxy = AF4266CD2642086B0040A502 /* PBXContainerItemProxy */;
		};
		AF4266DC264208840040A502 /* PBXTargetDependency */ = {
			isa = PBXTargetDependency;
			target = AFDE0CC0263EAE2A0090221A /* TestLBC */;
			targetProxy = AF4266DB264208840040A502 /* PBXContainerItemProxy */;
		};
/* End PBXTargetDependency section */

/* Begin PBXVariantGroup section */
		AFDE0CCF263EAE2C0090221A /* LaunchScreen.storyboard */ = {
			isa = PBXVariantGroup;
			children = (
				AFDE0CD0263EAE2C0090221A /* Base */,
			);
			name = LaunchScreen.storyboard;
			sourceTree = "<group>";
		};
/* End PBXVariantGroup section */

/* Begin XCBuildConfiguration section */
		AF4266D02642086B0040A502 /* Debug */ = {
			isa = XCBuildConfiguration;
			buildSettings = {
				BUNDLE_LOADER = "$(TEST_HOST)";
				CODE_SIGN_STYLE = Automatic;
				INFOPLIST_FILE = TestLBCTests/Info.plist;
				IPHONEOS_DEPLOYMENT_TARGET = 14.5;
				LD_RUNPATH_SEARCH_PATHS = (
					"$(inherited)",
					"@executable_path/Frameworks",
					"@loader_path/Frameworks",
				);
				PRODUCT_BUNDLE_IDENTIFIER = com.nicolasta.TestLBCTests;
				PRODUCT_NAME = "$(TARGET_NAME)";
				SWIFT_VERSION = 5.0;
				TARGETED_DEVICE_FAMILY = "1,2";
				TEST_HOST = "$(BUILT_PRODUCTS_DIR)/TestLBC.app/TestLBC";
			};
			name = Debug;
		};
		AF4266D12642086B0040A502 /* Release */ = {
			isa = XCBuildConfiguration;
			buildSettings = {
				BUNDLE_LOADER = "$(TEST_HOST)";
				CODE_SIGN_STYLE = Automatic;
				INFOPLIST_FILE = TestLBCTests/Info.plist;
				IPHONEOS_DEPLOYMENT_TARGET = 14.5;
				LD_RUNPATH_SEARCH_PATHS = (
					"$(inherited)",
					"@executable_path/Frameworks",
					"@loader_path/Frameworks",
				);
				PRODUCT_BUNDLE_IDENTIFIER = com.nicolasta.TestLBCTests;
				PRODUCT_NAME = "$(TARGET_NAME)";
				SWIFT_VERSION = 5.0;
				TARGETED_DEVICE_FAMILY = "1,2";
				TEST_HOST = "$(BUILT_PRODUCTS_DIR)/TestLBC.app/TestLBC";
			};
			name = Release;
		};
		AF4266DE264208840040A502 /* Debug */ = {
			isa = XCBuildConfiguration;
			buildSettings = {
				CODE_SIGN_STYLE = Automatic;
				INFOPLIST_FILE = TestLBCUITests/Info.plist;
				IPHONEOS_DEPLOYMENT_TARGET = 14.5;
				LD_RUNPATH_SEARCH_PATHS = (
					"$(inherited)",
					"@executable_path/Frameworks",
					"@loader_path/Frameworks",
				);
				PRODUCT_BUNDLE_IDENTIFIER = com.nicolasta.TestLBCUITests;
				PRODUCT_NAME = "$(TARGET_NAME)";
				SWIFT_VERSION = 5.0;
				TARGETED_DEVICE_FAMILY = "1,2";
				TEST_TARGET_NAME = TestLBC;
			};
			name = Debug;
		};
		AF4266DF264208840040A502 /* Release */ = {
			isa = XCBuildConfiguration;
			buildSettings = {
				CODE_SIGN_STYLE = Automatic;
				INFOPLIST_FILE = TestLBCUITests/Info.plist;
				IPHONEOS_DEPLOYMENT_TARGET = 14.5;
				LD_RUNPATH_SEARCH_PATHS = (
					"$(inherited)",
					"@executable_path/Frameworks",
					"@loader_path/Frameworks",
				);
				PRODUCT_BUNDLE_IDENTIFIER = com.nicolasta.TestLBCUITests;
				PRODUCT_NAME = "$(TARGET_NAME)";
				SWIFT_VERSION = 5.0;
				TARGETED_DEVICE_FAMILY = "1,2";
				TEST_TARGET_NAME = TestLBC;
			};
			name = Release;
		};
		AFDE0CD3263EAE2C0090221A /* Debug */ = {
			isa = XCBuildConfiguration;
			buildSettings = {
				ALWAYS_SEARCH_USER_PATHS = NO;
				CLANG_ANALYZER_NONNULL = YES;
				CLANG_ANALYZER_NUMBER_OBJECT_CONVERSION = YES_AGGRESSIVE;
				CLANG_CXX_LANGUAGE_STANDARD = "gnu++14";
				CLANG_CXX_LIBRARY = "libc++";
				CLANG_ENABLE_MODULES = YES;
				CLANG_ENABLE_OBJC_ARC = YES;
				CLANG_ENABLE_OBJC_WEAK = YES;
				CLANG_WARN_BLOCK_CAPTURE_AUTORELEASING = YES;
				CLANG_WARN_BOOL_CONVERSION = YES;
				CLANG_WARN_COMMA = YES;
				CLANG_WARN_CONSTANT_CONVERSION = YES;
				CLANG_WARN_DEPRECATED_OBJC_IMPLEMENTATIONS = YES;
				CLANG_WARN_DIRECT_OBJC_ISA_USAGE = YES_ERROR;
				CLANG_WARN_DOCUMENTATION_COMMENTS = YES;
				CLANG_WARN_EMPTY_BODY = YES;
				CLANG_WARN_ENUM_CONVERSION = YES;
				CLANG_WARN_INFINITE_RECURSION = YES;
				CLANG_WARN_INT_CONVERSION = YES;
				CLANG_WARN_NON_LITERAL_NULL_CONVERSION = YES;
				CLANG_WARN_OBJC_IMPLICIT_RETAIN_SELF = YES;
				CLANG_WARN_OBJC_LITERAL_CONVERSION = YES;
				CLANG_WARN_OBJC_ROOT_CLASS = YES_ERROR;
				CLANG_WARN_QUOTED_INCLUDE_IN_FRAMEWORK_HEADER = YES;
				CLANG_WARN_RANGE_LOOP_ANALYSIS = YES;
				CLANG_WARN_STRICT_PROTOTYPES = YES;
				CLANG_WARN_SUSPICIOUS_MOVE = YES;
				CLANG_WARN_UNGUARDED_AVAILABILITY = YES_AGGRESSIVE;
				CLANG_WARN_UNREACHABLE_CODE = YES;
				CLANG_WARN__DUPLICATE_METHOD_MATCH = YES;
				COPY_PHASE_STRIP = NO;
				DEBUG_INFORMATION_FORMAT = dwarf;
				ENABLE_STRICT_OBJC_MSGSEND = YES;
				ENABLE_TESTABILITY = YES;
				GCC_C_LANGUAGE_STANDARD = gnu11;
				GCC_DYNAMIC_NO_PIC = NO;
				GCC_NO_COMMON_BLOCKS = YES;
				GCC_OPTIMIZATION_LEVEL = 0;
				GCC_PREPROCESSOR_DEFINITIONS = (
					"DEBUG=1",
					"$(inherited)",
				);
				GCC_WARN_64_TO_32_BIT_CONVERSION = YES;
				GCC_WARN_ABOUT_RETURN_TYPE = YES_ERROR;
				GCC_WARN_UNDECLARED_SELECTOR = YES;
				GCC_WARN_UNINITIALIZED_AUTOS = YES_AGGRESSIVE;
				GCC_WARN_UNUSED_FUNCTION = YES;
				GCC_WARN_UNUSED_VARIABLE = YES;
				IPHONEOS_DEPLOYMENT_TARGET = 12.1;
				MTL_ENABLE_DEBUG_INFO = INCLUDE_SOURCE;
				MTL_FAST_MATH = YES;
				ONLY_ACTIVE_ARCH = YES;
				SDKROOT = iphoneos;
				SWIFT_ACTIVE_COMPILATION_CONDITIONS = DEBUG;
				SWIFT_OPTIMIZATION_LEVEL = "-Onone";
			};
			name = Debug;
		};
		AFDE0CD4263EAE2C0090221A /* Release */ = {
			isa = XCBuildConfiguration;
			buildSettings = {
				ALWAYS_SEARCH_USER_PATHS = NO;
				CLANG_ANALYZER_NONNULL = YES;
				CLANG_ANALYZER_NUMBER_OBJECT_CONVERSION = YES_AGGRESSIVE;
				CLANG_CXX_LANGUAGE_STANDARD = "gnu++14";
				CLANG_CXX_LIBRARY = "libc++";
				CLANG_ENABLE_MODULES = YES;
				CLANG_ENABLE_OBJC_ARC = YES;
				CLANG_ENABLE_OBJC_WEAK = YES;
				CLANG_WARN_BLOCK_CAPTURE_AUTORELEASING = YES;
				CLANG_WARN_BOOL_CONVERSION = YES;
				CLANG_WARN_COMMA = YES;
				CLANG_WARN_CONSTANT_CONVERSION = YES;
				CLANG_WARN_DEPRECATED_OBJC_IMPLEMENTATIONS = YES;
				CLANG_WARN_DIRECT_OBJC_ISA_USAGE = YES_ERROR;
				CLANG_WARN_DOCUMENTATION_COMMENTS = YES;
				CLANG_WARN_EMPTY_BODY = YES;
				CLANG_WARN_ENUM_CONVERSION = YES;
				CLANG_WARN_INFINITE_RECURSION = YES;
				CLANG_WARN_INT_CONVERSION = YES;
				CLANG_WARN_NON_LITERAL_NULL_CONVERSION = YES;
				CLANG_WARN_OBJC_IMPLICIT_RETAIN_SELF = YES;
				CLANG_WARN_OBJC_LITERAL_CONVERSION = YES;
				CLANG_WARN_OBJC_ROOT_CLASS = YES_ERROR;
				CLANG_WARN_QUOTED_INCLUDE_IN_FRAMEWORK_HEADER = YES;
				CLANG_WARN_RANGE_LOOP_ANALYSIS = YES;
				CLANG_WARN_STRICT_PROTOTYPES = YES;
				CLANG_WARN_SUSPICIOUS_MOVE = YES;
				CLANG_WARN_UNGUARDED_AVAILABILITY = YES_AGGRESSIVE;
				CLANG_WARN_UNREACHABLE_CODE = YES;
				CLANG_WARN__DUPLICATE_METHOD_MATCH = YES;
				COPY_PHASE_STRIP = NO;
				DEBUG_INFORMATION_FORMAT = "dwarf-with-dsym";
				ENABLE_NS_ASSERTIONS = NO;
				ENABLE_STRICT_OBJC_MSGSEND = YES;
				GCC_C_LANGUAGE_STANDARD = gnu11;
				GCC_NO_COMMON_BLOCKS = YES;
				GCC_WARN_64_TO_32_BIT_CONVERSION = YES;
				GCC_WARN_ABOUT_RETURN_TYPE = YES_ERROR;
				GCC_WARN_UNDECLARED_SELECTOR = YES;
				GCC_WARN_UNINITIALIZED_AUTOS = YES_AGGRESSIVE;
				GCC_WARN_UNUSED_FUNCTION = YES;
				GCC_WARN_UNUSED_VARIABLE = YES;
				IPHONEOS_DEPLOYMENT_TARGET = 12.1;
				MTL_ENABLE_DEBUG_INFO = NO;
				MTL_FAST_MATH = YES;
				SDKROOT = iphoneos;
				SWIFT_COMPILATION_MODE = wholemodule;
				SWIFT_OPTIMIZATION_LEVEL = "-O";
				VALIDATE_PRODUCT = YES;
			};
			name = Release;
		};
		AFDE0CD6263EAE2C0090221A /* Debug */ = {
			isa = XCBuildConfiguration;
			buildSettings = {
				ASSETCATALOG_COMPILER_APPICON_NAME = AppIcon;
				ASSETCATALOG_COMPILER_GLOBAL_ACCENT_COLOR_NAME = AccentColor;
				CODE_SIGN_STYLE = Automatic;
				INFOPLIST_FILE = TestLBC/Info.plist;
				LD_RUNPATH_SEARCH_PATHS = (
					"$(inherited)",
					"@executable_path/Frameworks",
				);
				PRODUCT_BUNDLE_IDENTIFIER = com.nicolasta.TestLBC;
				PRODUCT_NAME = "$(TARGET_NAME)";
				SWIFT_VERSION = 5.0;
				TARGETED_DEVICE_FAMILY = "1,2";
			};
			name = Debug;
		};
		AFDE0CD7263EAE2C0090221A /* Release */ = {
			isa = XCBuildConfiguration;
			buildSettings = {
				ASSETCATALOG_COMPILER_APPICON_NAME = AppIcon;
				ASSETCATALOG_COMPILER_GLOBAL_ACCENT_COLOR_NAME = AccentColor;
				CODE_SIGN_STYLE = Automatic;
				INFOPLIST_FILE = TestLBC/Info.plist;
				LD_RUNPATH_SEARCH_PATHS = (
					"$(inherited)",
					"@executable_path/Frameworks",
				);
				PRODUCT_BUNDLE_IDENTIFIER = com.nicolasta.TestLBC;
				PRODUCT_NAME = "$(TARGET_NAME)";
				SWIFT_VERSION = 5.0;
				TARGETED_DEVICE_FAMILY = "1,2";
			};
			name = Release;
		};
/* End XCBuildConfiguration section */

/* Begin XCConfigurationList section */
		AF4266CF2642086B0040A502 /* Build configuration list for PBXNativeTarget "TestLBCTests" */ = {
			isa = XCConfigurationList;
			buildConfigurations = (
				AF4266D02642086B0040A502 /* Debug */,
				AF4266D12642086B0040A502 /* Release */,
			);
			defaultConfigurationIsVisible = 0;
			defaultConfigurationName = Release;
		};
		AF4266DD264208840040A502 /* Build configuration list for PBXNativeTarget "TestLBCUITests" */ = {
			isa = XCConfigurationList;
			buildConfigurations = (
				AF4266DE264208840040A502 /* Debug */,
				AF4266DF264208840040A502 /* Release */,
			);
			defaultConfigurationIsVisible = 0;
			defaultConfigurationName = Release;
		};
		AFDE0CBC263EAE2A0090221A /* Build configuration list for PBXProject "TestLBC" */ = {
			isa = XCConfigurationList;
			buildConfigurations = (
				AFDE0CD3263EAE2C0090221A /* Debug */,
				AFDE0CD4263EAE2C0090221A /* Release */,
			);
			defaultConfigurationIsVisible = 0;
			defaultConfigurationName = Release;
		};
		AFDE0CD5263EAE2C0090221A /* Build configuration list for PBXNativeTarget "TestLBC" */ = {
			isa = XCConfigurationList;
			buildConfigurations = (
				AFDE0CD6263EAE2C0090221A /* Debug */,
				AFDE0CD7263EAE2C0090221A /* Release */,
			);
			defaultConfigurationIsVisible = 0;
			defaultConfigurationName = Release;
		};
/* End XCConfigurationList section */
	};
	rootObject = AFDE0CB9263EAE2A0090221A /* Project object */;
}
